// !$*UTF8*$!
{
	archiveVersion = 1;
	classes = {
	};
	objectVersion = 50;
	objects = {

/* Begin PBXBuildFile section */
		445596392667C01100ACC3AD /* AppDelegate.swift in Sources */ = {isa = PBXBuildFile; fileRef = 445596382667C01100ACC3AD /* AppDelegate.swift */; };
		4455963B2667C01100ACC3AD /* SceneDelegate.swift in Sources */ = {isa = PBXBuildFile; fileRef = 4455963A2667C01100ACC3AD /* SceneDelegate.swift */; };
		4455963D2667C01100ACC3AD /* ViewController.swift in Sources */ = {isa = PBXBuildFile; fileRef = 4455963C2667C01100ACC3AD /* ViewController.swift */; };
		445596402667C01100ACC3AD /* Main.storyboard in Resources */ = {isa = PBXBuildFile; fileRef = 4455963E2667C01100ACC3AD /* Main.storyboard */; };
		445596422667C01300ACC3AD /* Assets.xcassets in Resources */ = {isa = PBXBuildFile; fileRef = 445596412667C01300ACC3AD /* Assets.xcassets */; };
		445596452667C01300ACC3AD /* LaunchScreen.storyboard in Resources */ = {isa = PBXBuildFile; fileRef = 445596432667C01300ACC3AD /* LaunchScreen.storyboard */; };
		445596502667C01300ACC3AD /* BMITests.swift in Sources */ = {isa = PBXBuildFile; fileRef = 4455964F2667C01300ACC3AD /* BMITests.swift */; };
		4455965B2667C01300ACC3AD /* BMIUITests.swift in Sources */ = {isa = PBXBuildFile; fileRef = 4455965A2667C01300ACC3AD /* BMIUITests.swift */; };
/* End PBXBuildFile section */

/* Begin PBXContainerItemProxy section */
		4455964C2667C01300ACC3AD /* PBXContainerItemProxy */ = {
			isa = PBXContainerItemProxy;
			containerPortal = 4455962D2667C01100ACC3AD /* Project object */;
			proxyType = 1;
			remoteGlobalIDString = 445596342667C01100ACC3AD;
			remoteInfo = BMI;
		};
		445596572667C01300ACC3AD /* PBXContainerItemProxy */ = {
			isa = PBXContainerItemProxy;
			containerPortal = 4455962D2667C01100ACC3AD /* Project object */;
			proxyType = 1;
			remoteGlobalIDString = 445596342667C01100ACC3AD;
			remoteInfo = BMI;
		};
/* End PBXContainerItemProxy section */

/* Begin PBXFileReference section */
		445596352667C01100ACC3AD /* BMI.app */ = {isa = PBXFileReference; explicitFileType = wrapper.application; includeInIndex = 0; path = BMI.app; sourceTree = BUILT_PRODUCTS_DIR; };
		445596382667C01100ACC3AD /* AppDelegate.swift */ = {isa = PBXFileReference; lastKnownFileType = sourcecode.swift; path = AppDelegate.swift; sourceTree = "<group>"; };
		4455963A2667C01100ACC3AD /* SceneDelegate.swift */ = {isa = PBXFileReference; lastKnownFileType = sourcecode.swift; path = SceneDelegate.swift; sourceTree = "<group>"; };
		4455963C2667C01100ACC3AD /* ViewController.swift */ = {isa = PBXFileReference; lastKnownFileType = sourcecode.swift; path = ViewController.swift; sourceTree = "<group>"; };
		4455963F2667C01100ACC3AD /* Base */ = {isa = PBXFileReference; lastKnownFileType = file.storyboard; name = Base; path = Base.lproj/Main.storyboard; sourceTree = "<group>"; };
		445596412667C01300ACC3AD /* Assets.xcassets */ = {isa = PBXFileReference; lastKnownFileType = folder.assetcatalog; path = Assets.xcassets; sourceTree = "<group>"; };
		445596442667C01300ACC3AD /* Base */ = {isa = PBXFileReference; lastKnownFileType = file.storyboard; name = Base; path = Base.lproj/LaunchScreen.storyboard; sourceTree = "<group>"; };
		445596462667C01300ACC3AD /* Info.plist */ = {isa = PBXFileReference; lastKnownFileType = text.plist.xml; path = Info.plist; sourceTree = "<group>"; };
		4455964B2667C01300ACC3AD /* BMITests.xctest */ = {isa = PBXFileReference; explicitFileType = wrapper.cfbundle; includeInIndex = 0; path = BMITests.xctest; sourceTree = BUILT_PRODUCTS_DIR; };
		4455964F2667C01300ACC3AD /* BMITests.swift */ = {isa = PBXFileReference; lastKnownFileType = sourcecode.swift; path = BMITests.swift; sourceTree = "<group>"; };
		445596512667C01300ACC3AD /* Info.plist */ = {isa = PBXFileReference; lastKnownFileType = text.plist.xml; path = Info.plist; sourceTree = "<group>"; };
		445596562667C01300ACC3AD /* BMIUITests.xctest */ = {isa = PBXFileReference; explicitFileType = wrapper.cfbundle; includeInIndex = 0; path = BMIUITests.xctest; sourceTree = BUILT_PRODUCTS_DIR; };
		4455965A2667C01300ACC3AD /* BMIUITests.swift */ = {isa = PBXFileReference; lastKnownFileType = sourcecode.swift; path = BMIUITests.swift; sourceTree = "<group>"; };
		4455965C2667C01300ACC3AD /* Info.plist */ = {isa = PBXFileReference; lastKnownFileType = text.plist.xml; path = Info.plist; sourceTree = "<group>"; };
/* End PBXFileReference section */

/* Begin PBXFrameworksBuildPhase section */
		445596322667C01100ACC3AD /* Frameworks */ = {
			isa = PBXFrameworksBuildPhase;
			buildActionMask = 2147483647;
			files = (
			);
			runOnlyForDeploymentPostprocessing = 0;
		};
		445596482667C01300ACC3AD /* Frameworks */ = {
			isa = PBXFrameworksBuildPhase;
			buildActionMask = 2147483647;
			files = (
			);
			runOnlyForDeploymentPostprocessing = 0;
		};
		445596532667C01300ACC3AD /* Frameworks */ = {
			isa = PBXFrameworksBuildPhase;
			buildActionMask = 2147483647;
			files = (
			);
			runOnlyForDeploymentPostprocessing = 0;
		};
/* End PBXFrameworksBuildPhase section */

/* Begin PBXGroup section */
		4455962C2667C01100ACC3AD = {
			isa = PBXGroup;
			children = (
				445596372667C01100ACC3AD /* BMI */,
				4455964E2667C01300ACC3AD /* BMITests */,
				445596592667C01300ACC3AD /* BMIUITests */,
				445596362667C01100ACC3AD /* Products */,
			);
			sourceTree = "<group>";
		};
		445596362667C01100ACC3AD /* Products */ = {
			isa = PBXGroup;
			children = (
				445596352667C01100ACC3AD /* BMI.app */,
				4455964B2667C01300ACC3AD /* BMITests.xctest */,
				445596562667C01300ACC3AD /* BMIUITests.xctest */,
			);
			name = Products;
			sourceTree = "<group>";
		};
		445596372667C01100ACC3AD /* BMI */ = {
			isa = PBXGroup;
			children = (
				445596382667C01100ACC3AD /* AppDelegate.swift */,
				4455963A2667C01100ACC3AD /* SceneDelegate.swift */,
				4455963C2667C01100ACC3AD /* ViewController.swift */,
				4455963E2667C01100ACC3AD /* Main.storyboard */,
				445596412667C01300ACC3AD /* Assets.xcassets */,
				445596432667C01300ACC3AD /* LaunchScreen.storyboard */,
				445596462667C01300ACC3AD /* Info.plist */,
			);
			path = BMI;
			sourceTree = "<group>";
		};
		4455964E2667C01300ACC3AD /* BMITests */ = {
			isa = PBXGroup;
			children = (
				4455964F2667C01300ACC3AD /* BMITests.swift */,
				445596512667C01300ACC3AD /* Info.plist */,
			);
			path = BMITests;
			sourceTree = "<group>";
		};
		445596592667C01300ACC3AD /* BMIUITests */ = {
			isa = PBXGroup;
			children = (
				4455965A2667C01300ACC3AD /* BMIUITests.swift */,
				4455965C2667C01300ACC3AD /* Info.plist */,
			);
			path = BMIUITests;
			sourceTree = "<group>";
		};
/* End PBXGroup section */

/* Begin PBXNativeTarget section */
		445596342667C01100ACC3AD /* BMI */ = {
			isa = PBXNativeTarget;
			buildConfigurationList = 4455965F2667C01300ACC3AD /* Build configuration list for PBXNativeTarget "BMI" */;
			buildPhases = (
				445596312667C01100ACC3AD /* Sources */,
				445596322667C01100ACC3AD /* Frameworks */,
				445596332667C01100ACC3AD /* Resources */,
			);
			buildRules = (
			);
			dependencies = (
			);
			name = BMI;
			productName = BMI;
			productReference = 445596352667C01100ACC3AD /* BMI.app */;
			productType = "com.apple.product-type.application";
		};
		4455964A2667C01300ACC3AD /* BMITests */ = {
			isa = PBXNativeTarget;
			buildConfigurationList = 445596622667C01300ACC3AD /* Build configuration list for PBXNativeTarget "BMITests" */;
			buildPhases = (
				445596472667C01300ACC3AD /* Sources */,
				445596482667C01300ACC3AD /* Frameworks */,
				445596492667C01300ACC3AD /* Resources */,
			);
			buildRules = (
			);
			dependencies = (
				4455964D2667C01300ACC3AD /* PBXTargetDependency */,
			);
			name = BMITests;
			productName = BMITests;
			productReference = 4455964B2667C01300ACC3AD /* BMITests.xctest */;
			productType = "com.apple.product-type.bundle.unit-test";
		};
		445596552667C01300ACC3AD /* BMIUITests */ = {
			isa = PBXNativeTarget;
			buildConfigurationList = 445596652667C01300ACC3AD /* Build configuration list for PBXNativeTarget "BMIUITests" */;
			buildPhases = (
				445596522667C01300ACC3AD /* Sources */,
				445596532667C01300ACC3AD /* Frameworks */,
				445596542667C01300ACC3AD /* Resources */,
			);
			buildRules = (
			);
			dependencies = (
				445596582667C01300ACC3AD /* PBXTargetDependency */,
			);
			name = BMIUITests;
			productName = BMIUITests;
			productReference = 445596562667C01300ACC3AD /* BMIUITests.xctest */;
			productType = "com.apple.product-type.bundle.ui-testing";
		};
/* End PBXNativeTarget section */

/* Begin PBXProject section */
		4455962D2667C01100ACC3AD /* Project object */ = {
			isa = PBXProject;
			attributes = {
				LastSwiftUpdateCheck = 1240;
				LastUpgradeCheck = 1240;
				TargetAttributes = {
					445596342667C01100ACC3AD = {
						CreatedOnToolsVersion = 12.4;
					};
					4455964A2667C01300ACC3AD = {
						CreatedOnToolsVersion = 12.4;
						TestTargetID = 445596342667C01100ACC3AD;
					};
					445596552667C01300ACC3AD = {
						CreatedOnToolsVersion = 12.4;
						TestTargetID = 445596342667C01100ACC3AD;
					};
				};
			};
			buildConfigurationList = 445596302667C01100ACC3AD /* Build configuration list for PBXProject "BMI" */;
			compatibilityVersion = "Xcode 9.3";
			developmentRegion = en;
			hasScannedForEncodings = 0;
			knownRegions = (
				en,
				Base,
			);
			mainGroup = 4455962C2667C01100ACC3AD;
			productRefGroup = 445596362667C01100ACC3AD /* Products */;
			projectDirPath = "";
			projectRoot = "";
			targets = (
				445596342667C01100ACC3AD /* BMI */,
				4455964A2667C01300ACC3AD /* BMITests */,
				445596552667C01300ACC3AD /* BMIUITests */,
			);
		};
/* End PBXProject section */

/* Begin PBXResourcesBuildPhase section */
		445596332667C01100ACC3AD /* Resources */ = {
			isa = PBXResourcesBuildPhase;
			buildActionMask = 2147483647;
			files = (
				445596452667C01300ACC3AD /* LaunchScreen.storyboard in Resources */,
				445596422667C01300ACC3AD /* Assets.xcassets in Resources */,
				445596402667C01100ACC3AD /* Main.storyboard in Resources */,
			);
			runOnlyForDeploymentPostprocessing = 0;
		};
		445596492667C01300ACC3AD /* Resources */ = {
			isa = PBXResourcesBuildPhase;
			buildActionMask = 2147483647;
			files = (
			);
			runOnlyForDeploymentPostprocessing = 0;
		};
		445596542667C01300ACC3AD /* Resources */ = {
			isa = PBXResourcesBuildPhase;
			buildActionMask = 2147483647;
			files = (
			);
			runOnlyForDeploymentPostprocessing = 0;
		};
/* End PBXResourcesBuildPhase section */

/* Begin PBXSourcesBuildPhase section */
		445596312667C01100ACC3AD /* Sources */ = {
			isa = PBXSourcesBuildPhase;
			buildActionMask = 2147483647;
			files = (
				4455963D2667C01100ACC3AD /* ViewController.swift in Sources */,
				445596392667C01100ACC3AD /* AppDelegate.swift in Sources */,
				4455963B2667C01100ACC3AD /* SceneDelegate.swift in Sources */,
			);
			runOnlyForDeploymentPostprocessing = 0;
		};
		445596472667C01300ACC3AD /* Sources */ = {
			isa = PBXSourcesBuildPhase;
			buildActionMask = 2147483647;
			files = (
				445596502667C01300ACC3AD /* BMITests.swift in Sources */,
			);
			runOnlyForDeploymentPostprocessing = 0;
		};
		445596522667C01300ACC3AD /* Sources */ = {
			isa = PBXSourcesBuildPhase;
			buildActionMask = 2147483647;
			files = (
				4455965B2667C01300ACC3AD /* BMIUITests.swift in Sources */,
			);
			runOnlyForDeploymentPostprocessing = 0;
		};
/* End PBXSourcesBuildPhase section */

/* Begin PBXTargetDependency section */
		4455964D2667C01300ACC3AD /* PBXTargetDependency */ = {
			isa = PBXTargetDependency;
			target = 445596342667C01100ACC3AD /* BMI */;
			targetProxy = 4455964C2667C01300ACC3AD /* PBXContainerItemProxy */;
		};
		445596582667C01300ACC3AD /* PBXTargetDependency */ = {
			isa = PBXTargetDependency;
			target = 445596342667C01100ACC3AD /* BMI */;
			targetProxy = 445596572667C01300ACC3AD /* PBXContainerItemProxy */;
		};
/* End PBXTargetDependency section */

/* Begin PBXVariantGroup section */
		4455963E2667C01100ACC3AD /* Main.storyboard */ = {
			isa = PBXVariantGroup;
			children = (
				4455963F2667C01100ACC3AD /* Base */,
			);
			name = Main.storyboard;
			sourceTree = "<group>";
		};
		445596432667C01300ACC3AD /* LaunchScreen.storyboard */ = {
			isa = PBXVariantGroup;
			children = (
				445596442667C01300ACC3AD /* Base */,
			);
			name = LaunchScreen.storyboard;
			sourceTree = "<group>";
		};
/* End PBXVariantGroup section */

/* Begin XCBuildConfiguration section */
		4455965D2667C01300ACC3AD /* Debug */ = {
			isa = XCBuildConfiguration;
			buildSettings = {
				ALWAYS_SEARCH_USER_PATHS = NO;
				CLANG_ANALYZER_NONNULL = YES;
				CLANG_ANALYZER_NUMBER_OBJECT_CONVERSION = YES_AGGRESSIVE;
				CLANG_CXX_LANGUAGE_STANDARD = "gnu++14";
				CLANG_CXX_LIBRARY = "libc++";
				CLANG_ENABLE_MODULES = YES;
				CLANG_ENABLE_OBJC_ARC = YES;
				CLANG_ENABLE_OBJC_WEAK = YES;
				CLANG_WARN_BLOCK_CAPTURE_AUTORELEASING = YES;
				CLANG_WARN_BOOL_CONVERSION = YES;
				CLANG_WARN_COMMA = YES;
				CLANG_WARN_CONSTANT_CONVERSION = YES;
				CLANG_WARN_DEPRECATED_OBJC_IMPLEMENTATIONS = YES;
				CLANG_WARN_DIRECT_OBJC_ISA_USAGE = YES_ERROR;
				CLANG_WARN_DOCUMENTATION_COMMENTS = YES;
				CLANG_WARN_EMPTY_BODY = YES;
				CLANG_WARN_ENUM_CONVERSION = YES;
				CLANG_WARN_INFINITE_RECURSION = YES;
				CLANG_WARN_INT_CONVERSION = YES;
				CLANG_WARN_NON_LITERAL_NULL_CONVERSION = YES;
				CLANG_WARN_OBJC_IMPLICIT_RETAIN_SELF = YES;
				CLANG_WARN_OBJC_LITERAL_CONVERSION = YES;
				CLANG_WARN_OBJC_ROOT_CLASS = YES_ERROR;
				CLANG_WARN_QUOTED_INCLUDE_IN_FRAMEWORK_HEADER = YES;
				CLANG_WARN_RANGE_LOOP_ANALYSIS = YES;
				CLANG_WARN_STRICT_PROTOTYPES = YES;
				CLANG_WARN_SUSPICIOUS_MOVE = YES;
				CLANG_WARN_UNGUARDED_AVAILABILITY = YES_AGGRESSIVE;
				CLANG_WARN_UNREACHABLE_CODE = YES;
				CLANG_WARN__DUPLICATE_METHOD_MATCH = YES;
				COPY_PHASE_STRIP = NO;
				DEBUG_INFORMATION_FORMAT = dwarf;
				ENABLE_STRICT_OBJC_MSGSEND = YES;
				ENABLE_TESTABILITY = YES;
				GCC_C_LANGUAGE_STANDARD = gnu11;
				GCC_DYNAMIC_NO_PIC = NO;
				GCC_NO_COMMON_BLOCKS = YES;
				GCC_OPTIMIZATION_LEVEL = 0;
				GCC_PREPROCESSOR_DEFINITIONS = (
					"DEBUG=1",
					"$(inherited)",
				);
				GCC_WARN_64_TO_32_BIT_CONVERSION = YES;
				GCC_WARN_ABOUT_RETURN_TYPE = YES_ERROR;
				GCC_WARN_UNDECLARED_SELECTOR = YES;
				GCC_WARN_UNINITIALIZED_AUTOS = YES_AGGRESSIVE;
				GCC_WARN_UNUSED_FUNCTION = YES;
				GCC_WARN_UNUSED_VARIABLE = YES;
				IPHONEOS_DEPLOYMENT_TARGET = 14.4;
				MTL_ENABLE_DEBUG_INFO = INCLUDE_SOURCE;
				MTL_FAST_MATH = YES;
				ONLY_ACTIVE_ARCH = YES;
				SDKROOT = iphoneos;
				SWIFT_ACTIVE_COMPILATION_CONDITIONS = DEBUG;
				SWIFT_OPTIMIZATION_LEVEL = "-Onone";
			};
			name = Debug;
		};
		4455965E2667C01300ACC3AD /* Release */ = {
			isa = XCBuildConfiguration;
			buildSettings = {
				ALWAYS_SEARCH_USER_PATHS = NO;
				CLANG_ANALYZER_NONNULL = YES;
				CLANG_ANALYZER_NUMBER_OBJECT_CONVERSION = YES_AGGRESSIVE;
				CLANG_CXX_LANGUAGE_STANDARD = "gnu++14";
				CLANG_CXX_LIBRARY = "libc++";
				CLANG_ENABLE_MODULES = YES;
				CLANG_ENABLE_OBJC_ARC = YES;
				CLANG_ENABLE_OBJC_WEAK = YES;
				CLANG_WARN_BLOCK_CAPTURE_AUTORELEASING = YES;
				CLANG_WARN_BOOL_CONVERSION = YES;
				CLANG_WARN_COMMA = YES;
				CLANG_WARN_CONSTANT_CONVERSION = YES;
				CLANG_WARN_DEPRECATED_OBJC_IMPLEMENTATIONS = YES;
				CLANG_WARN_DIRECT_OBJC_ISA_USAGE = YES_ERROR;
				CLANG_WARN_DOCUMENTATION_COMMENTS = YES;
				CLANG_WARN_EMPTY_BODY = YES;
				CLANG_WARN_ENUM_CONVERSION = YES;
				CLANG_WARN_INFINITE_RECURSION = YES;
				CLANG_WARN_INT_CONVERSION = YES;
				CLANG_WARN_NON_LITERAL_NULL_CONVERSION = YES;
				CLANG_WARN_OBJC_IMPLICIT_RETAIN_SELF = YES;
				CLANG_WARN_OBJC_LITERAL_CONVERSION = YES;
				CLANG_WARN_OBJC_ROOT_CLASS = YES_ERROR;
				CLANG_WARN_QUOTED_INCLUDE_IN_FRAMEWORK_HEADER = YES;
				CLANG_WARN_RANGE_LOOP_ANALYSIS = YES;
				CLANG_WARN_STRICT_PROTOTYPES = YES;
				CLANG_WARN_SUSPICIOUS_MOVE = YES;
				CLANG_WARN_UNGUARDED_AVAILABILITY = YES_AGGRESSIVE;
				CLANG_WARN_UNREACHABLE_CODE = YES;
				CLANG_WARN__DUPLICATE_METHOD_MATCH = YES;
				COPY_PHASE_STRIP = NO;
				DEBUG_INFORMATION_FORMAT = "dwarf-with-dsym";
				ENABLE_NS_ASSERTIONS = NO;
				ENABLE_STRICT_OBJC_MSGSEND = YES;
				GCC_C_LANGUAGE_STANDARD = gnu11;
				GCC_NO_COMMON_BLOCKS = YES;
				GCC_WARN_64_TO_32_BIT_CONVERSION = YES;
				GCC_WARN_ABOUT_RETURN_TYPE = YES_ERROR;
				GCC_WARN_UNDECLARED_SELECTOR = YES;
				GCC_WARN_UNINITIALIZED_AUTOS = YES_AGGRESSIVE;
				GCC_WARN_UNUSED_FUNCTION = YES;
				GCC_WARN_UNUSED_VARIABLE = YES;
				IPHONEOS_DEPLOYMENT_TARGET = 14.4;
				MTL_ENABLE_DEBUG_INFO = NO;
				MTL_FAST_MATH = YES;
				SDKROOT = iphoneos;
				SWIFT_COMPILATION_MODE = wholemodule;
				SWIFT_OPTIMIZATION_LEVEL = "-O";
				VALIDATE_PRODUCT = YES;
			};
			name = Release;
		};
		445596602667C01300ACC3AD /* Debug */ = {
			isa = XCBuildConfiguration;
			buildSettings = {
				ASSETCATALOG_COMPILER_APPICON_NAME = AppIcon;
				ASSETCATALOG_COMPILER_GLOBAL_ACCENT_COLOR_NAME = AccentColor;
				CODE_SIGN_STYLE = Automatic;
				INFOPLIST_FILE = BMI/Info.plist;
				LD_RUNPATH_SEARCH_PATHS = (
					"$(inherited)",
					"@executable_path/Frameworks",
				);
				PRODUCT_BUNDLE_IDENTIFIER = hungnt.BMI;
				PRODUCT_NAME = "$(TARGET_NAME)";
				SWIFT_VERSION = 5.0;
				TARGETED_DEVICE_FAMILY = "1,2";
			};
			name = Debug;
		};
		445596612667C01300ACC3AD /* Release */ = {
			isa = XCBuildConfiguration;
			buildSettings = {
				ASSETCATALOG_COMPILER_APPICON_NAME = AppIcon;
				ASSETCATALOG_COMPILER_GLOBAL_ACCENT_COLOR_NAME = AccentColor;
				CODE_SIGN_STYLE = Automatic;
				INFOPLIST_FILE = BMI/Info.plist;
				LD_RUNPATH_SEARCH_PATHS = (
					"$(inherited)",
					"@executable_path/Frameworks",
				);
				PRODUCT_BUNDLE_IDENTIFIER = hungnt.BMI;
				PRODUCT_NAME = "$(TARGET_NAME)";
				SWIFT_VERSION = 5.0;
				TARGETED_DEVICE_FAMILY = "1,2";
			};
			name = Release;
		};
		445596632667C01300ACC3AD /* Debug */ = {
			isa = XCBuildConfiguration;
			buildSettings = {
				ALWAYS_EMBED_SWIFT_STANDARD_LIBRARIES = YES;
				BUNDLE_LOADER = "$(TEST_HOST)";
				CODE_SIGN_STYLE = Automatic;
				INFOPLIST_FILE = BMITests/Info.plist;
				IPHONEOS_DEPLOYMENT_TARGET = 14.4;
				LD_RUNPATH_SEARCH_PATHS = (
					"$(inherited)",
					"@executable_path/Frameworks",
					"@loader_path/Frameworks",
				);
				PRODUCT_BUNDLE_IDENTIFIER = hungnt.BMITests;
				PRODUCT_NAME = "$(TARGET_NAME)";
				SWIFT_VERSION = 5.0;
				TARGETED_DEVICE_FAMILY = "1,2";
				TEST_HOST = "$(BUILT_PRODUCTS_DIR)/BMI.app/BMI";
			};
			name = Debug;
		};
		445596642667C01300ACC3AD /* Release */ = {
			isa = XCBuildConfiguration;
			buildSettings = {
				ALWAYS_EMBED_SWIFT_STANDARD_LIBRARIES = YES;
				BUNDLE_LOADER = "$(TEST_HOST)";
				CODE_SIGN_STYLE = Automatic;
				INFOPLIST_FILE = BMITests/Info.plist;
				IPHONEOS_DEPLOYMENT_TARGET = 14.4;
				LD_RUNPATH_SEARCH_PATHS = (
					"$(inherited)",
					"@executable_path/Frameworks",
					"@loader_path/Frameworks",
				);
				PRODUCT_BUNDLE_IDENTIFIER = hungnt.BMITests;
				PRODUCT_NAME = "$(TARGET_NAME)";
				SWIFT_VERSION = 5.0;
				TARGETED_DEVICE_FAMILY = "1,2";
				TEST_HOST = "$(BUILT_PRODUCTS_DIR)/BMI.app/BMI";
			};
			name = Release;
		};
		445596662667C01300ACC3AD /* Debug */ = {
			isa = XCBuildConfiguration;
			buildSettings = {
				ALWAYS_EMBED_SWIFT_STANDARD_LIBRARIES = YES;
				CODE_SIGN_STYLE = Automatic;
				INFOPLIST_FILE = BMIUITests/Info.plist;
				LD_RUNPATH_SEARCH_PATHS = (
					"$(inherited)",
					"@executable_path/Frameworks",
					"@loader_path/Frameworks",
				);
				PRODUCT_BUNDLE_IDENTIFIER = hungnt.BMIUITests;
				PRODUCT_NAME = "$(TARGET_NAME)";
				SWIFT_VERSION = 5.0;
				TARGETED_DEVICE_FAMILY = "1,2";
				TEST_TARGET_NAME = BMI;
			};
			name = Debug;
		};
		445596672667C01300ACC3AD /* Release */ = {
			isa = XCBuildConfiguration;
			buildSettings = {
				ALWAYS_EMBED_SWIFT_STANDARD_LIBRARIES = YES;
				CODE_SIGN_STYLE = Automatic;
				INFOPLIST_FILE = BMIUITests/Info.plist;
				LD_RUNPATH_SEARCH_PATHS = (
					"$(inherited)",
					"@executable_path/Frameworks",
					"@loader_path/Frameworks",
				);
				PRODUCT_BUNDLE_IDENTIFIER = hungnt.BMIUITests;
				PRODUCT_NAME = "$(TARGET_NAME)";
				SWIFT_VERSION = 5.0;
				TARGETED_DEVICE_FAMILY = "1,2";
				TEST_TARGET_NAME = BMI;
			};
			name = Release;
		};
/* End XCBuildConfiguration section */

/* Begin XCConfigurationList section */
		445596302667C01100ACC3AD /* Build configuration list for PBXProject "BMI" */ = {
			isa = XCConfigurationList;
			buildConfigurations = (
				4455965D2667C01300ACC3AD /* Debug */,
				4455965E2667C01300ACC3AD /* Release */,
			);
			defaultConfigurationIsVisible = 0;
			defaultConfigurationName = Release;
		};
		4455965F2667C01300ACC3AD /* Build configuration list for PBXNativeTarget "BMI" */ = {
			isa = XCConfigurationList;
			buildConfigurations = (
				445596602667C01300ACC3AD /* Debug */,
				445596612667C01300ACC3AD /* Release */,
			);
			defaultConfigurationIsVisible = 0;
			defaultConfigurationName = Release;
		};
		445596622667C01300ACC3AD /* Build configuration list for PBXNativeTarget "BMITests" */ = {
			isa = XCConfigurationList;
			buildConfigurations = (
				445596632667C01300ACC3AD /* Debug */,
				445596642667C01300ACC3AD /* Release */,
			);
			defaultConfigurationIsVisible = 0;
			defaultConfigurationName = Release;
		};
		445596652667C01300ACC3AD /* Build configuration list for PBXNativeTarget "BMIUITests" */ = {
			isa = XCConfigurationList;
			buildConfigurations = (
				445596662667C01300ACC3AD /* Debug */,
				445596672667C01300ACC3AD /* Release */,
			);
			defaultConfigurationIsVisible = 0;
			defaultConfigurationName = Release;
		};
/* End XCConfigurationList section */
	};
	rootObject = 4455962D2667C01100ACC3AD /* Project object */;
}
